// !$*UTF8*$!
{
	archiveVersion = 1;
	classes = {
	};
	objectVersion = 50;
	objects = {

/* Begin PBXBuildFile section */
		E10BD514253BF76000C199DD /* AppDelegate.swift in Sources */ = {isa = PBXBuildFile; fileRef = E10BD513253BF76000C199DD /* AppDelegate.swift */; };
		E10BD516253BF76000C199DD /* SceneDelegate.swift in Sources */ = {isa = PBXBuildFile; fileRef = E10BD515253BF76000C199DD /* SceneDelegate.swift */; };
		E10BD518253BF76000C199DD /* ViewController.swift in Sources */ = {isa = PBXBuildFile; fileRef = E10BD517253BF76000C199DD /* ViewController.swift */; };
		E10BD51B253BF76000C199DD /* Main.storyboard in Resources */ = {isa = PBXBuildFile; fileRef = E10BD519253BF76000C199DD /* Main.storyboard */; };
		E10BD51D253BF76500C199DD /* Assets.xcassets in Resources */ = {isa = PBXBuildFile; fileRef = E10BD51C253BF76500C199DD /* Assets.xcassets */; };
		E10BD520253BF76500C199DD /* LaunchScreen.storyboard in Resources */ = {isa = PBXBuildFile; fileRef = E10BD51E253BF76500C199DD /* LaunchScreen.storyboard */; };
		E15AD452253D258600771372 /* Constants.swift in Sources */ = {isa = PBXBuildFile; fileRef = E15AD451253D258600771372 /* Constants.swift */; };
		E15AD454253D264F00771372 /* Model.swift in Sources */ = {isa = PBXBuildFile; fileRef = E15AD453253D264F00771372 /* Model.swift */; };
		E15AD456253D41CD00771372 /* Images.swift in Sources */ = {isa = PBXBuildFile; fileRef = E15AD455253D41CD00771372 /* Images.swift */; };
		E15AD45A253D886500771372 /* ImageCollectionViewCell.swift in Sources */ = {isa = PBXBuildFile; fileRef = E15AD459253D886500771372 /* ImageCollectionViewCell.swift */; };
/* End PBXBuildFile section */

/* Begin PBXFileReference section */
		E10BD510253BF76000C199DD /* FoodDeliveryApp.app */ = {isa = PBXFileReference; explicitFileType = wrapper.application; includeInIndex = 0; path = FoodDeliveryApp.app; sourceTree = BUILT_PRODUCTS_DIR; };
		E10BD513253BF76000C199DD /* AppDelegate.swift */ = {isa = PBXFileReference; lastKnownFileType = sourcecode.swift; path = AppDelegate.swift; sourceTree = "<group>"; };
		E10BD515253BF76000C199DD /* SceneDelegate.swift */ = {isa = PBXFileReference; lastKnownFileType = sourcecode.swift; path = SceneDelegate.swift; sourceTree = "<group>"; };
		E10BD517253BF76000C199DD /* ViewController.swift */ = {isa = PBXFileReference; lastKnownFileType = sourcecode.swift; path = ViewController.swift; sourceTree = "<group>"; };
		E10BD51A253BF76000C199DD /* Base */ = {isa = PBXFileReference; lastKnownFileType = file.storyboard; name = Base; path = Base.lproj/Main.storyboard; sourceTree = "<group>"; };
		E10BD51C253BF76500C199DD /* Assets.xcassets */ = {isa = PBXFileReference; lastKnownFileType = folder.assetcatalog; path = Assets.xcassets; sourceTree = "<group>"; };
		E10BD51F253BF76500C199DD /* Base */ = {isa = PBXFileReference; lastKnownFileType = file.storyboard; name = Base; path = Base.lproj/LaunchScreen.storyboard; sourceTree = "<group>"; };
		E10BD521253BF76500C199DD /* Info.plist */ = {isa = PBXFileReference; lastKnownFileType = text.plist.xml; path = Info.plist; sourceTree = "<group>"; };
		E15AD451253D258600771372 /* Constants.swift */ = {isa = PBXFileReference; lastKnownFileType = sourcecode.swift; path = Constants.swift; sourceTree = "<group>"; };
		E15AD453253D264F00771372 /* Model.swift */ = {isa = PBXFileReference; lastKnownFileType = sourcecode.swift; path = Model.swift; sourceTree = "<group>"; };
		E15AD455253D41CD00771372 /* Images.swift */ = {isa = PBXFileReference; lastKnownFileType = sourcecode.swift; path = Images.swift; sourceTree = "<group>"; };
		E15AD459253D886500771372 /* ImageCollectionViewCell.swift */ = {isa = PBXFileReference; lastKnownFileType = sourcecode.swift; path = ImageCollectionViewCell.swift; sourceTree = "<group>"; };
/* End PBXFileReference section */

/* Begin PBXFrameworksBuildPhase section */
		E10BD50D253BF76000C199DD /* Frameworks */ = {
			isa = PBXFrameworksBuildPhase;
			buildActionMask = 2147483647;
			files = (
			);
			runOnlyForDeploymentPostprocessing = 0;
		};
/* End PBXFrameworksBuildPhase section */

/* Begin PBXGroup section */
		E10BD507253BF76000C199DD = {
			isa = PBXGroup;
			children = (
				E10BD512253BF76000C199DD /* FoodDeliveryApp */,
				E10BD511253BF76000C199DD /* Products */,
			);
			sourceTree = "<group>";
		};
		E10BD511253BF76000C199DD /* Products */ = {
			isa = PBXGroup;
			children = (
				E10BD510253BF76000C199DD /* FoodDeliveryApp.app */,
			);
			name = Products;
			sourceTree = "<group>";
		};
		E10BD512253BF76000C199DD /* FoodDeliveryApp */ = {
			isa = PBXGroup;
			children = (
				E10BD513253BF76000C199DD /* AppDelegate.swift */,
				E10BD515253BF76000C199DD /* SceneDelegate.swift */,
				E10BD517253BF76000C199DD /* ViewController.swift */,
				E15AD451253D258600771372 /* Constants.swift */,
				E15AD453253D264F00771372 /* Model.swift */,
				E15AD455253D41CD00771372 /* Images.swift */,
				E10BD519253BF76000C199DD /* Main.storyboard */,
				E15AD459253D886500771372 /* ImageCollectionViewCell.swift */,
				E10BD51C253BF76500C199DD /* Assets.xcassets */,
				E10BD51E253BF76500C199DD /* LaunchScreen.storyboard */,
				E10BD521253BF76500C199DD /* Info.plist */,
			);
			path = FoodDeliveryApp;
			sourceTree = "<group>";
		};
/* End PBXGroup section */

/* Begin PBXNativeTarget section */
		E10BD50F253BF76000C199DD /* FoodDeliveryApp */ = {
			isa = PBXNativeTarget;
			buildConfigurationList = E10BD524253BF76500C199DD /* Build configuration list for PBXNativeTarget "FoodDeliveryApp" */;
			buildPhases = (
				E10BD50C253BF76000C199DD /* Sources */,
				E10BD50D253BF76000C199DD /* Frameworks */,
				E10BD50E253BF76000C199DD /* Resources */,
			);
			buildRules = (
			);
			dependencies = (
			);
			name = FoodDeliveryApp;
			productName = FoodDeliveryApp;
			productReference = E10BD510253BF76000C199DD /* FoodDeliveryApp.app */;
			productType = "com.apple.product-type.application";
		};
/* End PBXNativeTarget section */

/* Begin PBXProject section */
		E10BD508253BF76000C199DD /* Project object */ = {
			isa = PBXProject;
			attributes = {
				LastSwiftUpdateCheck = 1110;
				LastUpgradeCheck = 1110;
				ORGANIZATIONNAME = shahidpanchily;
				TargetAttributes = {
					E10BD50F253BF76000C199DD = {
						CreatedOnToolsVersion = 11.1;
					};
				};
			};
			buildConfigurationList = E10BD50B253BF76000C199DD /* Build configuration list for PBXProject "FoodDeliveryApp" */;
			compatibilityVersion = "Xcode 9.3";
			developmentRegion = en;
			hasScannedForEncodings = 0;
			knownRegions = (
				en,
				Base,
			);
			mainGroup = E10BD507253BF76000C199DD;
			productRefGroup = E10BD511253BF76000C199DD /* Products */;
			projectDirPath = "";
			projectRoot = "";
			targets = (
				E10BD50F253BF76000C199DD /* FoodDeliveryApp */,
			);
		};
/* End PBXProject section */

/* Begin PBXResourcesBuildPhase section */
		E10BD50E253BF76000C199DD /* Resources */ = {
			isa = PBXResourcesBuildPhase;
			buildActionMask = 2147483647;
			files = (
				E10BD520253BF76500C199DD /* LaunchScreen.storyboard in Resources */,
				E10BD51D253BF76500C199DD /* Assets.xcassets in Resources */,
				E10BD51B253BF76000C199DD /* Main.storyboard in Resources */,
			);
			runOnlyForDeploymentPostprocessing = 0;
		};
/* End PBXResourcesBuildPhase section */

/* Begin PBXSourcesBuildPhase section */
		E10BD50C253BF76000C199DD /* Sources */ = {
			isa = PBXSourcesBuildPhase;
			buildActionMask = 2147483647;
			files = (
				E15AD454253D264F00771372 /* Model.swift in Sources */,
				E10BD518253BF76000C199DD /* ViewController.swift in Sources */,
				E10BD514253BF76000C199DD /* AppDelegate.swift in Sources */,
				E15AD45A253D886500771372 /* ImageCollectionViewCell.swift in Sources */,
				E15AD456253D41CD00771372 /* Images.swift in Sources */,
				E10BD516253BF76000C199DD /* SceneDelegate.swift in Sources */,
				E15AD452253D258600771372 /* Constants.swift in Sources */,
			);
			runOnlyForDeploymentPostprocessing = 0;
		};
/* End PBXSourcesBuildPhase section */

/* Begin PBXVariantGroup section */
		E10BD519253BF76000C199DD /* Main.storyboard */ = {
			isa = PBXVariantGroup;
			children = (
				E10BD51A253BF76000C199DD /* Base */,
			);
			name = Main.storyboard;
			sourceTree = "<group>";
		};
		E10BD51E253BF76500C199DD /* LaunchScreen.storyboard */ = {
			isa = PBXVariantGroup;
			children = (
				E10BD51F253BF76500C199DD /* Base */,
			);
			name = LaunchScreen.storyboard;
			sourceTree = "<group>";
		};
/* End PBXVariantGroup section */

/* Begin XCBuildConfiguration section */
		E10BD522253BF76500C199DD /* Debug */ = {
			isa = XCBuildConfiguration;
			buildSettings = {
				ALWAYS_SEARCH_USER_PATHS = NO;
				CLANG_ANALYZER_NONNULL = YES;
				CLANG_ANALYZER_NUMBER_OBJECT_CONVERSION = YES_AGGRESSIVE;
				CLANG_CXX_LANGUAGE_STANDARD = "gnu++14";
				CLANG_CXX_LIBRARY = "libc++";
				CLANG_ENABLE_MODULES = YES;
				CLANG_ENABLE_OBJC_ARC = YES;
				CLANG_ENABLE_OBJC_WEAK = YES;
				CLANG_WARN_BLOCK_CAPTURE_AUTORELEASING = YES;
				CLANG_WARN_BOOL_CONVERSION = YES;
				CLANG_WARN_COMMA = YES;
				CLANG_WARN_CONSTANT_CONVERSION = YES;
				CLANG_WARN_DEPRECATED_OBJC_IMPLEMENTATIONS = YES;
				CLANG_WARN_DIRECT_OBJC_ISA_USAGE = YES_ERROR;
				CLANG_WARN_DOCUMENTATION_COMMENTS = YES;
				CLANG_WARN_EMPTY_BODY = YES;
				CLANG_WARN_ENUM_CONVERSION = YES;
				CLANG_WARN_INFINITE_RECURSION = YES;
				CLANG_WARN_INT_CONVERSION = YES;
				CLANG_WARN_NON_LITERAL_NULL_CONVERSION = YES;
				CLANG_WARN_OBJC_IMPLICIT_RETAIN_SELF = YES;
				CLANG_WARN_OBJC_LITERAL_CONVERSION = YES;
				CLANG_WARN_OBJC_ROOT_CLASS = YES_ERROR;
				CLANG_WARN_RANGE_LOOP_ANALYSIS = YES;
				CLANG_WARN_STRICT_PROTOTYPES = YES;
				CLANG_WARN_SUSPICIOUS_MOVE = YES;
				CLANG_WARN_UNGUARDED_AVAILABILITY = YES_AGGRESSIVE;
				CLANG_WARN_UNREACHABLE_CODE = YES;
				CLANG_WARN__DUPLICATE_METHOD_MATCH = YES;
				COPY_PHASE_STRIP = NO;
				DEBUG_INFORMATION_FORMAT = dwarf;
				ENABLE_STRICT_OBJC_MSGSEND = YES;
				ENABLE_TESTABILITY = YES;
				GCC_C_LANGUAGE_STANDARD = gnu11;
				GCC_DYNAMIC_NO_PIC = NO;
				GCC_NO_COMMON_BLOCKS = YES;
				GCC_OPTIMIZATION_LEVEL = 0;
				GCC_PREPROCESSOR_DEFINITIONS = (
					"DEBUG=1",
					"$(inherited)",
				);
				GCC_WARN_64_TO_32_BIT_CONVERSION = YES;
				GCC_WARN_ABOUT_RETURN_TYPE = YES_ERROR;
				GCC_WARN_UNDECLARED_SELECTOR = YES;
				GCC_WARN_UNINITIALIZED_AUTOS = YES_AGGRESSIVE;
				GCC_WARN_UNUSED_FUNCTION = YES;
				GCC_WARN_UNUSED_VARIABLE = YES;
				IPHONEOS_DEPLOYMENT_TARGET = 13.1;
				MTL_ENABLE_DEBUG_INFO = INCLUDE_SOURCE;
				MTL_FAST_MATH = YES;
				ONLY_ACTIVE_ARCH = YES;
				SDKROOT = iphoneos;
				SWIFT_ACTIVE_COMPILATION_CONDITIONS = DEBUG;
				SWIFT_OPTIMIZATION_LEVEL = "-Onone";
			};
			name = Debug;
		};
		E10BD523253BF76500C199DD /* Release */ = {
			isa = XCBuildConfiguration;
			buildSettings = {
				ALWAYS_SEARCH_USER_PATHS = NO;
				CLANG_ANALYZER_NONNULL = YES;
				CLANG_ANALYZER_NUMBER_OBJECT_CONVERSION = YES_AGGRESSIVE;
				CLANG_CXX_LANGUAGE_STANDARD = "gnu++14";
				CLANG_CXX_LIBRARY = "libc++";
				CLANG_ENABLE_MODULES = YES;
				CLANG_ENABLE_OBJC_ARC = YES;
				CLANG_ENABLE_OBJC_WEAK = YES;
				CLANG_WARN_BLOCK_CAPTURE_AUTORELEASING = YES;
				CLANG_WARN_BOOL_CONVERSION = YES;
				CLANG_WARN_COMMA = YES;
				CLANG_WARN_CONSTANT_CONVERSION = YES;
				CLANG_WARN_DEPRECATED_OBJC_IMPLEMENTATIONS = YES;
				CLANG_WARN_DIRECT_OBJC_ISA_USAGE = YES_ERROR;
				CLANG_WARN_DOCUMENTATION_COMMENTS = YES;
				CLANG_WARN_EMPTY_BODY = YES;
				CLANG_WARN_ENUM_CONVERSION = YES;
				CLANG_WARN_INFINITE_RECURSION = YES;
				CLANG_WARN_INT_CONVERSION = YES;
				CLANG_WARN_NON_LITERAL_NULL_CONVERSION = YES;
				CLANG_WARN_OBJC_IMPLICIT_RETAIN_SELF = YES;
				CLANG_WARN_OBJC_LITERAL_CONVERSION = YES;
				CLANG_WARN_OBJC_ROOT_CLASS = YES_ERROR;
				CLANG_WARN_RANGE_LOOP_ANALYSIS = YES;
				CLANG_WARN_STRICT_PROTOTYPES = YES;
				CLANG_WARN_SUSPICIOUS_MOVE = YES;
				CLANG_WARN_UNGUARDED_AVAILABILITY = YES_AGGRESSIVE;
				CLANG_WARN_UNREACHABLE_CODE = YES;
				CLANG_WARN__DUPLICATE_METHOD_MATCH = YES;
				COPY_PHASE_STRIP = NO;
				DEBUG_INFORMATION_FORMAT = "dwarf-with-dsym";
				ENABLE_NS_ASSERTIONS = NO;
				ENABLE_STRICT_OBJC_MSGSEND = YES;
				GCC_C_LANGUAGE_STANDARD = gnu11;
				GCC_NO_COMMON_BLOCKS = YES;
				GCC_WARN_64_TO_32_BIT_CONVERSION = YES;
				GCC_WARN_ABOUT_RETURN_TYPE = YES_ERROR;
				GCC_WARN_UNDECLARED_SELECTOR = YES;
				GCC_WARN_UNINITIALIZED_AUTOS = YES_AGGRESSIVE;
				GCC_WARN_UNUSED_FUNCTION = YES;
				GCC_WARN_UNUSED_VARIABLE = YES;
				IPHONEOS_DEPLOYMENT_TARGET = 13.1;
				MTL_ENABLE_DEBUG_INFO = NO;
				MTL_FAST_MATH = YES;
				SDKROOT = iphoneos;
				SWIFT_COMPILATION_MODE = wholemodule;
				SWIFT_OPTIMIZATION_LEVEL = "-O";
				VALIDATE_PRODUCT = YES;
			};
			name = Release;
		};
		E10BD525253BF76500C199DD /* Debug */ = {
			isa = XCBuildConfiguration;
			buildSettings = {
				ASSETCATALOG_COMPILER_APPICON_NAME = AppIcon;
				CODE_SIGN_STYLE = Automatic;
				INFOPLIST_FILE = FoodDeliveryApp/Info.plist;
				LD_RUNPATH_SEARCH_PATHS = (
					"$(inherited)",
					"@executable_path/Frameworks",
				);
				PRODUCT_BUNDLE_IDENTIFIER = com.shahidpanchily.FoodDeliveryApp;
				PRODUCT_NAME = "$(TARGET_NAME)";
				SWIFT_VERSION = 5.0;
				TARGETED_DEVICE_FAMILY = "1,2";
			};
			name = Debug;
		};
		E10BD526253BF76500C199DD /* Release */ = {
			isa = XCBuildConfiguration;
			buildSettings = {
				ASSETCATALOG_COMPILER_APPICON_NAME = AppIcon;
				CODE_SIGN_STYLE = Automatic;
				INFOPLIST_FILE = FoodDeliveryApp/Info.plist;
				LD_RUNPATH_SEARCH_PATHS = (
					"$(inherited)",
					"@executable_path/Frameworks",
				);
				PRODUCT_BUNDLE_IDENTIFIER = com.shahidpanchily.FoodDeliveryApp;
				PRODUCT_NAME = "$(TARGET_NAME)";
				SWIFT_VERSION = 5.0;
				TARGETED_DEVICE_FAMILY = "1,2";
			};
			name = Release;
		};
/* End XCBuildConfiguration section */

/* Begin XCConfigurationList section */
		E10BD50B253BF76000C199DD /* Build configuration list for PBXProject "FoodDeliveryApp" */ = {
			isa = XCConfigurationList;
			buildConfigurations = (
				E10BD522253BF76500C199DD /* Debug */,
				E10BD523253BF76500C199DD /* Release */,
			);
			defaultConfigurationIsVisible = 0;
			defaultConfigurationName = Release;
		};
		E10BD524253BF76500C199DD /* Build configuration list for PBXNativeTarget "FoodDeliveryApp" */ = {
			isa = XCConfigurationList;
			buildConfigurations = (
				E10BD525253BF76500C199DD /* Debug */,
				E10BD526253BF76500C199DD /* Release */,
			);
			defaultConfigurationIsVisible = 0;
			defaultConfigurationName = Release;
		};
/* End XCConfigurationList section */
	};
	rootObject = E10BD508253BF76000C199DD /* Project object */;
}
